
Microsoft Visual Studio Solution File, Format Version 12.00
# Visual Studio Version 17
VisualStudioVersion = 17.2.32630.192
MinimumVisualStudioVersion = 10.0.40219.1
Project("{9A19103F-16F7-4668-BE54-9A1E7A4F7556}") = "Demo.APICore", "Demo\Demo.APICore.csproj", "{010A33B5-8D49-4A45-B535-40E60F272219}"
EndProject
Project("{9A19103F-16F7-4668-BE54-9A1E7A4F7556}") = "Demo.Client", "Demo.Client\Demo.Client.csproj", "{178F123F-0FFA-472A-967D-C1FAC7070EA2}"
EndProject
Project("{9A19103F-16F7-4668-BE54-9A1E7A4F7556}") = "Demo.Identity", "IdentityServer\Demo.Identity.csproj", "{B4CF9B90-E31E-4297-A5DA-DECAFE1934B7}"
EndProject
Global
	GlobalSection(SolutionConfigurationPlatforms) = preSolution
		Debug|Any CPU = Debug|Any CPU
		Release|Any CPU = Release|Any CPU
	EndGlobalSection
	GlobalSection(ProjectConfigurationPlatforms) = postSolution
		{010A33B5-8D49-4A45-B535-40E60F272219}.Debug|Any CPU.ActiveCfg = Debug|Any CPU
		{010A33B5-8D49-4A45-B535-40E60F272219}.Debug|Any CPU.Build.0 = Debug|Any CPU
		{010A33B5-8D49-4A45-B535-40E60F272219}.Release|Any CPU.ActiveCfg = Release|Any CPU
		{010A33B5-8D49-4A45-B535-40E60F272219}.Release|Any CPU.Build.0 = Release|Any CPU
		{178F123F-0FFA-472A-967D-C1FAC7070EA2}.Debug|Any CPU.ActiveCfg = Debug|Any CPU
		{178F123F-0FFA-472A-967D-C1FAC7070EA2}.Debug|Any CPU.Build.0 = Debug|Any CPU
		{178F123F-0FFA-472A-967D-C1FAC7070EA2}.Release|Any CPU.ActiveCfg = Release|Any CPU
		{178F123F-0FFA-472A-967D-C1FAC7070EA2}.Release|Any CPU.Build.0 = Release|Any CPU
		{B4CF9B90-E31E-4297-A5DA-DECAFE1934B7}.Debug|Any CPU.ActiveCfg = Debug|Any CPU
		{B4CF9B90-E31E-4297-A5DA-DECAFE1934B7}.Debug|Any CPU.Build.0 = Debug|Any CPU
		{B4CF9B90-E31E-4297-A5DA-DECAFE1934B7}.Release|Any CPU.ActiveCfg = Release|Any CPU
		{B4CF9B90-E31E-4297-A5DA-DECAFE1934B7}.Release|Any CPU.Build.0 = Release|Any CPU
	EndGlobalSection
	GlobalSection(SolutionProperties) = preSolution
		HideSolutionNode = FALSE
	EndGlobalSection
	GlobalSection(ExtensibilityGlobals) = postSolution
		SolutionGuid = {CB99D55A-14B9-4258-8D2B-0907DDB60E1B}
	EndGlobalSection
EndGlobal
